hash: 6467d76185591ac25ff68194c87d946446ea575c8ac6dfa3bbda9eee1a802d93
updated: 2017-07-27T23:47:43.4328337+02:00
imports:
- name: github.com/cavaliercoder/grab
  version: d1925b94149d7e79adaba26ea2553172c38f8ad7
- name: github.com/crazy-max/WindowsSpyBlocker
  version: 9431f89ee808dd4d084b4257727aca6c4e5f7421
  subpackages:
  - app/utils/print
- name: github.com/fatih/color
  version: 9131ab34cf20d2f6d83fdc67168a5430d1c7dc23
- name: github.com/mattn/go-colorable
  version: 5411d3eea5978e6cdc258b30de592b60df6aba96
  repo: https://github.com/mattn/go-colorable
- name: github.com/mattn/go-isatty
  version: 57fdcb988a5c543893cc61bce354a6e24ab70022
  repo: https://github.com/mattn/go-isatty
- name: github.com/mcuadros/go-version
  version: 257f7b9a7d87427c8d7f89469a5958d57f8abd7c
- name: github.com/op/go-logging
  version: 970db520ece77730c7e4724c61121037378659d9
- name: golang.org/x/sys
  version: e24f485414aeafb646f6fca458b0bf869c0880a1
  repo: https://go.googlesource.com/sys
  subpackages:
  - unix
testImports: []
